{
  "name": "og_image_basic_example",
  "version": "1.0.0",
  "lockfileVersion": 3,
  "requires": true,
  "packages": {
    "": {
      "name": "og_image_basic_example",
      "version": "1.0.0",
      "dependencies": {
        "@takumi-rs/wasm": "^0.57.3"
      }
    },
    "node_modules/@takumi-rs/wasm": {
      "version": "0.57.3",
      "resolved": "https://registry.npmjs.org/@takumi-rs/wasm/-/wasm-0.57.3.tgz",
      "integrity": "sha512-0Ghs2CcoTZoEW9ICx5OppiQT+D+Ll8iIfINhvLePZB85NJtxMGMzUx1XPRYtKDCq/KMNKltY890PawIocoI4VA==",
      "license": "(MIT OR Apache-2.0)"
    }
  }
}
